
Microsoft Visual Studio Solution File, Format Version 12.00
# Visual Studio 15
VisualStudioVersion = 15.0.28010.2026
MinimumVisualStudioVersion = 10.0.40219.1
Project("{9A19103F-16F7-4668-BE54-9A1E7A4F7556}") = "ReflectionAnalyzers", "ReflectionAnalyzers\ReflectionAnalyzers.csproj", "{A6CCBEE9-F9BA-49F2-A126-44E0AA687367}"
EndProject
Project("{9A19103F-16F7-4668-BE54-9A1E7A4F7556}") = "ReflectionAnalyzers.Tests", "ReflectionAnalyzers.Tests\ReflectionAnalyzers.Tests.csproj", "{6101F363-3A45-4A26-B7E2-8052A32B3986}"
EndProject
Project("{2150E333-8FDC-42A3-9474-1A3956D46DE8}") = ".paket", ".paket", "{D9F2B862-8ED5-4636-8877-A3FFD8DE71B2}"
	ProjectSection(SolutionItems) = preProject
		.editorconfig = .editorconfig
		.gitattributes = .gitattributes
		.gitignore = .gitignore
		appveyor.yml = appveyor.yml
		LICENSE = LICENSE
		paket.dependencies = paket.dependencies
		paket.lock = paket.lock
		README.md = README.md
		.paket\Readme.paket.md = .paket\Readme.paket.md
		RELEASE_NOTES.md = RELEASE_NOTES.md
	EndProjectSection
EndProject
Project("{2150E333-8FDC-42A3-9474-1A3956D46DE8}") = "tools", "tools", "{1575C8DB-FD83-45A0-8C19-F2FFC3D8EEFC}"
	ProjectSection(SolutionItems) = preProject
		.paket\tools\install.ps1 = .paket\tools\install.ps1
		.paket\tools\uninstall.ps1 = .paket\tools\uninstall.ps1
	EndProjectSection
EndProject
Project("{9A19103F-16F7-4668-BE54-9A1E7A4F7556}") = "ValidCode", "ValidCode\ValidCode.csproj", "{DDA5D6EE-FB0C-4443-81B2-CA8ED0C064C8}"
EndProject
Project("{2150E333-8FDC-42A3-9474-1A3956D46DE8}") = ".docs", ".docs", "{1C271AF2-C36F-4734-BBC6-89B969FEDDA2}"
	ProjectSection(SolutionItems) = preProject
		README.md = README.md
		documentation\REFL002.md = documentation\REFL002.md
		documentation\REFL003.md = documentation\REFL003.md
		documentation\REFL004.md = documentation\REFL004.md
		documentation\REFL005.md = documentation\REFL005.md
		documentation\REFL006.md = documentation\REFL006.md
		documentation\REFL007.md = documentation\REFL007.md
		documentation\REFL008.md = documentation\REFL008.md
		documentation\REFL010.md = documentation\REFL010.md
		documentation\REFL011.md = documentation\REFL011.md
		documentation\REFL012.md = documentation\REFL012.md
		documentation\REFL013.md = documentation\REFL013.md
		documentation\REFL014.md = documentation\REFL014.md
		documentation\REFL015.md = documentation\REFL015.md
		documentation\REFL016.md = documentation\REFL016.md
		documentation\REFL017.md = documentation\REFL017.md
		documentation\REFL018.md = documentation\REFL018.md
		RELEASE_NOTES.md = RELEASE_NOTES.md
	EndProjectSection
EndProject
Project("{9A19103F-16F7-4668-BE54-9A1E7A4F7556}") = "ReflectionAnalyzers.Vsix", "ReflectionAnalyzers.Vsix\ReflectionAnalyzers.Vsix.csproj", "{70EF0905-05EB-4FB4-8CA3-02B5D28EE998}"
EndProject
Global
	GlobalSection(SolutionConfigurationPlatforms) = preSolution
		Debug|Any CPU = Debug|Any CPU
		Release|Any CPU = Release|Any CPU
	EndGlobalSection
	GlobalSection(ProjectConfigurationPlatforms) = postSolution
		{A6CCBEE9-F9BA-49F2-A126-44E0AA687367}.Debug|Any CPU.ActiveCfg = Debug|Any CPU
		{A6CCBEE9-F9BA-49F2-A126-44E0AA687367}.Debug|Any CPU.Build.0 = Debug|Any CPU
		{A6CCBEE9-F9BA-49F2-A126-44E0AA687367}.Release|Any CPU.ActiveCfg = Release|Any CPU
		{A6CCBEE9-F9BA-49F2-A126-44E0AA687367}.Release|Any CPU.Build.0 = Release|Any CPU
		{6101F363-3A45-4A26-B7E2-8052A32B3986}.Debug|Any CPU.ActiveCfg = Debug|Any CPU
		{6101F363-3A45-4A26-B7E2-8052A32B3986}.Debug|Any CPU.Build.0 = Debug|Any CPU
		{6101F363-3A45-4A26-B7E2-8052A32B3986}.Release|Any CPU.ActiveCfg = Release|Any CPU
		{6101F363-3A45-4A26-B7E2-8052A32B3986}.Release|Any CPU.Build.0 = Release|Any CPU
		{DDA5D6EE-FB0C-4443-81B2-CA8ED0C064C8}.Debug|Any CPU.ActiveCfg = Debug|Any CPU
		{DDA5D6EE-FB0C-4443-81B2-CA8ED0C064C8}.Debug|Any CPU.Build.0 = Debug|Any CPU
		{DDA5D6EE-FB0C-4443-81B2-CA8ED0C064C8}.Release|Any CPU.ActiveCfg = Release|Any CPU
		{DDA5D6EE-FB0C-4443-81B2-CA8ED0C064C8}.Release|Any CPU.Build.0 = Release|Any CPU
		{70EF0905-05EB-4FB4-8CA3-02B5D28EE998}.Debug|Any CPU.ActiveCfg = Debug|Any CPU
		{70EF0905-05EB-4FB4-8CA3-02B5D28EE998}.Debug|Any CPU.Build.0 = Debug|Any CPU
		{70EF0905-05EB-4FB4-8CA3-02B5D28EE998}.Release|Any CPU.ActiveCfg = Release|Any CPU
		{70EF0905-05EB-4FB4-8CA3-02B5D28EE998}.Release|Any CPU.Build.0 = Release|Any CPU
	EndGlobalSection
	GlobalSection(SolutionProperties) = preSolution
		HideSolutionNode = FALSE
	EndGlobalSection
	GlobalSection(NestedProjects) = preSolution
		{1575C8DB-FD83-45A0-8C19-F2FFC3D8EEFC} = {D9F2B862-8ED5-4636-8877-A3FFD8DE71B2}
	EndGlobalSection
	GlobalSection(ExtensibilityGlobals) = postSolution
		SolutionGuid = {FD0A2BC3-7755-443C-966D-3332874DF025}
	EndGlobalSection
EndGlobal
